{
  "originHash" : "05f3d98862435fcde7f262ec78a7204551bc0efd0f94db0af00566cbdcab6687",
  "pins" : [
    {
      "identity" : "gateway-sdk-kit",
      "kind" : "remoteSourceControl",
      "location" : "https://github.com/tacogips/gateway-sdk-kit.git",
      "state" : {
        "revision" : "4d4b56c686f6875defccb54f74e2276022eb524e",
        "version" : "0.1.0"
      }
    },
    {
      "identity" : "google-gateway-auth",
      "kind" : "remoteSourceControl",
      "location" : "https://github.com/tacogips/google-gateway-auth.git",
      "state" : {
        "revision" : "2951cd8829d94d0b16e2a3bfdca301e57bb1f862"
      }
    }
  ],
  "version" : 3
}
